
Microsoft Visual Studio Solution File, Format Version 12.00
# Visual Studio Version 17
VisualStudioVersion = 17.0.31919.166
MinimumVisualStudioVersion = 10.0.40219.1
Project("{2150E333-8FDC-42A3-9474-1A3956D46DE8}") = "Solution Items", "Solution Items", "{98AE4B7B-83A1-4E89-BBBF-A9D9D1DE149A}"
	ProjectSection(SolutionItems) = preProject
		DZ4-1.html = DZ4-1.html
		DZ4-2.html = DZ4-2.html
	EndProjectSection
EndProject
Global
	GlobalSection(SolutionProperties) = preSolution
		HideSolutionNode = FALSE
	EndGlobalSection
	GlobalSection(ExtensibilityGlobals) = postSolution
		SolutionGuid = {CA03AF4B-AB14-4CDD-9393-64E94F89651C}
	EndGlobalSection
EndGlobal
